
Microsoft Visual Studio Solution File, Format Version 12.00
# Visual Studio 2013
VisualStudioVersion = 12.0.30501.0
MinimumVisualStudioVersion = 10.0.40219.1
Project("{888888A0-9F3D-457C-B088-3A5042F75D52}") = "P3_A-Star", "P3_A-Star\P3_A-Star.pyproj", "{C3DC9A81-705E-4285-99DD-D3B10EA3B5AF}"
EndProject
Project("{2150E333-8FDC-42A3-9474-1A3956D46DE8}") = "Solution Items", "Solution Items", "{4A91093D-89D1-440C-9138-E06BA80ECA95}"
	ProjectSection(SolutionItems) = preProject
		P3_A-Star\dungeon-orig.gif = P3_A-Star\dungeon-orig.gif
		P3_A-Star\dungeon.png = P3_A-Star\dungeon.png
		P3_A-Star\dungeon.png.mesh.pickle = P3_A-Star\dungeon.png.mesh.pickle
		P3_A-Star\dungeon.png.mesh.png = P3_A-Star\dungeon.png.mesh.png
		P3_A-Star\homer.png = P3_A-Star\homer.png
		P3_A-Star\homer.png.mesh.pickle = P3_A-Star\homer.png.mesh.pickle
		P3_A-Star\homer.png.mesh.png = P3_A-Star\homer.png.mesh.png
	EndProjectSection
EndProject
Global
	GlobalSection(SolutionConfigurationPlatforms) = preSolution
		Debug|Any CPU = Debug|Any CPU
		Release|Any CPU = Release|Any CPU
	EndGlobalSection
	GlobalSection(ProjectConfigurationPlatforms) = postSolution
		{C3DC9A81-705E-4285-99DD-D3B10EA3B5AF}.Debug|Any CPU.ActiveCfg = Debug|Any CPU
		{C3DC9A81-705E-4285-99DD-D3B10EA3B5AF}.Release|Any CPU.ActiveCfg = Release|Any CPU
	EndGlobalSection
	GlobalSection(SolutionProperties) = preSolution
		HideSolutionNode = FALSE
	EndGlobalSection
EndGlobal
